<?xml version="1.0" encoding="utf-8"?>
<Project ToolsVersion="4.0" xmlns="http://schemas.microsoft.com/developer/msbuild/2003">
  <ItemGroup>
    <Filter Include="Source Files">
      <UniqueIdentifier>{4FC737F1-C7A5-4376-A066-2A32D752A2FF}</UniqueIdentifier>
      <Extensions>cpp;c;cc;cxx;c++;cppm;ixx;def;odl;idl;hpj;bat;asm;asmx</Extensions>
    </Filter>
    <Filter Include="Header Files">
      <UniqueIdentifier>{93995380-89BD-4b04-88EB-625FBE52EBFB}</UniqueIdentifier>
      <Extensions>h;hh;hpp;hxx;h++;hm;inl;inc;ipp;xsd</Extensions>
    </Filter>
    <Filter Include="Resource Files">
      <UniqueIdentifier>{67DA6AB6-F800-4c08-8B7A-83BB121AAD01}</UniqueIdentifier>
      <Extensions>rc;ico;cur;bmp;dlg;rc2;rct;bin;rgs;gif;jpg;jpeg;jpe;resx;tiff;tif;png;wav;mfcribbon-ms</Extensions>
    </Filter>
  </ItemGroup>
  <ItemGroup>
    <ClCompile Include="main.cpp">
      <Filter>Source Files</Filter>
    </ClCompile>
    <ClCompile Include="MainMenu.cpp">
      <Filter>Source Files</Filter>
    </ClCompile>
    <ClCompile Include="MainFrame.cpp">
      <Filter>Source Files</Filter>
    </ClCompile>
    <ClCompile Include="TextureManager.cpp">
      <Filter>Source Files</Filter>
    </ClCompile>
    <ClCompile Include="GameModeWindow.cpp">
      <Filter>Source Files</Filter>
    </ClCompile>
    <ClCompile Include="AboutWindow.cpp">
      <Filter>Source Files</Filter>
    </ClCompile>
    <ClCompile Include="fonts.cpp">
      <Filter>Source Files</Filter>
    </ClCompile>
    <ClCompile Include="music.cpp">
      <Filter>Source Files</Filter>
    </ClCompile>
    <ClCompile Include="OverLANModes.cpp">
      <Filter>Source Files</Filter>
    </ClCompile>
    <ClCompile Include="PlayerIntro.cpp">
      <Filter>Source Files</Filter>
    </ClCompile>
    <ClCompile Include="SinglePlayerGame.cpp">
      <Filter>Source Files</Filter>
    </ClCompile>
    <ClCompile Include="MultiplayerModes.cpp">
      <Filter>Source Files</Filter>
    </ClCompile>
    <ClCompile Include="Math.cpp">
      <Filter>Source Files</Filter>
    </ClCompile>
    <ClCompile Include="TwoPlayerGame.cpp">
      <Filter>Source Files</Filter>
    </ClCompile>
    <ClCompile Include="TwoPlayerIntro.cpp">
      <Filter>Source Files</Filter>
    </ClCompile>
    <ClCompile Include="Leaderboard.cpp">
      <Filter>Source Files</Filter>
    </ClCompile>
  </ItemGroup>
  <ItemGroup>
    <ClInclude Include="headers\AboutWindow.h">
      <Filter>Header Files</Filter>
    </ClInclude>
    <ClInclude Include="headers\GameModeWindow.h">
      <Filter>Header Files</Filter>
    </ClInclude>
    <ClInclude Include="headers\MainFrame.h">
      <Filter>Header Files</Filter>
    </ClInclude>
    <ClInclude Include="headers\MainMenu.h">
      <Filter>Header Files</Filter>
    </ClInclude>
    <ClInclude Include="headers\TextureManager.h">
      <Filter>Header Files</Filter>
    </ClInclude>
    <ClInclude Include="headers\fonts.h">
      <Filter>Header Files</Filter>
    </ClInclude>
    <ClInclude Include="headers\music.h">
      <Filter>Header Files</Filter>
    </ClInclude>
    <ClInclude Include="headers\OverLANModes.h">
      <Filter>Header Files</Filter>
    </ClInclude>
    <ClInclude Include="headers\PlayerIntro.h">
      <Filter>Header Files</Filter>
    </ClInclude>
    <ClInclude Include="headers\SinglePlayerGame.h">
      <Filter>Header Files</Filter>
    </ClInclude>
    <ClInclude Include="headers\MultiplayerModes.h">
      <Filter>Header Files</Filter>
    </ClInclude>
    <ClInclude Include="headers\Math.h">
      <Filter>Header Files</Filter>
    </ClInclude>
    <ClInclude Include="headers\TwoPlayerGame.h">
      <Filter>Header Files</Filter>
    </ClInclude>
    <ClInclude Include="headers\TwoPlayerIntro.h">
      <Filter>Header Files</Filter>
    </ClInclude>
    <ClInclude Include="headers\Leaderboard.h">
      <Filter>Header Files</Filter>
    </ClInclude>
  </ItemGroup>
</Project>